
Microsoft Visual Studio Solution File, Format Version 12.00
# Visual Studio Version 16
VisualStudioVersion = 16.0.31515.178
MinimumVisualStudioVersion = 10.0.40219.1
Project("{FAE04EC0-301F-11D3-BF4B-00C04F79EFBC}") = "BoardGame", "BoardGame\BoardGame.csproj", "{C1293B7A-4A62-4F7C-92BB-E2F41C88F264}"
EndProject
Global
	GlobalSection(SolutionConfigurationPlatforms) = preSolution
		Debug|Any CPU = Debug|Any CPU
		Release|Any CPU = Release|Any CPU
	EndGlobalSection
	GlobalSection(ProjectConfigurationPlatforms) = postSolution
		{C1293B7A-4A62-4F7C-92BB-E2F41C88F264}.Debug|Any CPU.ActiveCfg = Debug|Any CPU
		{C1293B7A-4A62-4F7C-92BB-E2F41C88F264}.Debug|Any CPU.Build.0 = Debug|Any CPU
		{C1293B7A-4A62-4F7C-92BB-E2F41C88F264}.Release|Any CPU.ActiveCfg = Release|Any CPU
		{C1293B7A-4A62-4F7C-92BB-E2F41C88F264}.Release|Any CPU.Build.0 = Release|Any CPU
	EndGlobalSection
	GlobalSection(SolutionProperties) = preSolution
		HideSolutionNode = FALSE
	EndGlobalSection
	GlobalSection(ExtensibilityGlobals) = postSolution
		SolutionGuid = {132EF742-D5B0-485E-B324-9FA3F2711EC1}
	EndGlobalSection
EndGlobal
